
Microsoft Visual Studio Solution File, Format Version 12.00
# Visual Studio Version 16
VisualStudioVersion = 16.0.31729.503
MinimumVisualStudioVersion = 10.0.40219.1
Project("{FAE04EC0-301F-11D3-BF4B-00C04F79EFBC}") = "Estaciones2", "Estaciones2.csproj", "{1E0BCD57-9833-47FA-9619-88F4689CCAE9}"
EndProject
Global
	GlobalSection(SolutionConfigurationPlatforms) = preSolution
		Debug|Any CPU = Debug|Any CPU
		Release|Any CPU = Release|Any CPU
	EndGlobalSection
	GlobalSection(ProjectConfigurationPlatforms) = postSolution
		{1E0BCD57-9833-47FA-9619-88F4689CCAE9}.Debug|Any CPU.ActiveCfg = Debug|Any CPU
		{1E0BCD57-9833-47FA-9619-88F4689CCAE9}.Debug|Any CPU.Build.0 = Debug|Any CPU
		{1E0BCD57-9833-47FA-9619-88F4689CCAE9}.Release|Any CPU.ActiveCfg = Release|Any CPU
		{1E0BCD57-9833-47FA-9619-88F4689CCAE9}.Release|Any CPU.Build.0 = Release|Any CPU
	EndGlobalSection
	GlobalSection(SolutionProperties) = preSolution
		HideSolutionNode = FALSE
	EndGlobalSection
	GlobalSection(ExtensibilityGlobals) = postSolution
		SolutionGuid = {A3A46997-2EBA-486B-A05E-29DCF8157E8F}
	EndGlobalSection
EndGlobal
